
Microsoft Visual Studio Solution File, Format Version 11.00
# Visual Studio 2010
Project("{FAE04EC0-301F-11D3-BF4B-00C04F79EFBC}") = "Fabrik.Common", "src\Fabrik.Common\Fabrik.Common.csproj", "{13838B0B-4915-4C59-8AE9-F38A9DFD94F8}"
EndProject
Project("{2150E333-8FDC-42A3-9474-1A3956D46DE8}") = "Tests", "Tests", "{BAE286B9-2844-408D-B695-74FA154B4E8E}"
EndProject
Project("{FAE04EC0-301F-11D3-BF4B-00C04F79EFBC}") = "Fabrik.Common.Tests", "src\Tests\Fabrik.Common.Tests\Fabrik.Common.Tests.csproj", "{F2D9D130-76D1-4C0C-88DB-75999D67A7EE}"
EndProject
Global
	GlobalSection(SolutionConfigurationPlatforms) = preSolution
		Debug|Any CPU = Debug|Any CPU
		Release|Any CPU = Release|Any CPU
	EndGlobalSection
	GlobalSection(ProjectConfigurationPlatforms) = postSolution
		{13838B0B-4915-4C59-8AE9-F38A9DFD94F8}.Debug|Any CPU.ActiveCfg = Debug|Any CPU
		{13838B0B-4915-4C59-8AE9-F38A9DFD94F8}.Debug|Any CPU.Build.0 = Debug|Any CPU
		{13838B0B-4915-4C59-8AE9-F38A9DFD94F8}.Release|Any CPU.ActiveCfg = Release|Any CPU
		{13838B0B-4915-4C59-8AE9-F38A9DFD94F8}.Release|Any CPU.Build.0 = Release|Any CPU
		{F2D9D130-76D1-4C0C-88DB-75999D67A7EE}.Debug|Any CPU.ActiveCfg = Debug|Any CPU
		{F2D9D130-76D1-4C0C-88DB-75999D67A7EE}.Debug|Any CPU.Build.0 = Debug|Any CPU
		{F2D9D130-76D1-4C0C-88DB-75999D67A7EE}.Release|Any CPU.ActiveCfg = Release|Any CPU
		{F2D9D130-76D1-4C0C-88DB-75999D67A7EE}.Release|Any CPU.Build.0 = Release|Any CPU
	EndGlobalSection
	GlobalSection(SolutionProperties) = preSolution
		HideSolutionNode = FALSE
	EndGlobalSection
	GlobalSection(NestedProjects) = preSolution
		{F2D9D130-76D1-4C0C-88DB-75999D67A7EE} = {BAE286B9-2844-408D-B695-74FA154B4E8E}
	EndGlobalSection
EndGlobal
