
Microsoft Visual Studio Solution File, Format Version 11.00
# Visual Studio 2010
Project("{FAE04EC0-301F-11D3-BF4B-00C04F79EFBC}") = "Fabrik.Common", "src\Fabrik.Common\Fabrik.Common.csproj", "{13838B0B-4915-4C59-8AE9-F38A9DFD94F8}"
EndProject
Project("{2150E333-8FDC-42A3-9474-1A3956D46DE8}") = "Specs", "Specs", "{BAE286B9-2844-408D-B695-74FA154B4E8E}"
EndProject
Project("{FAE04EC0-301F-11D3-BF4B-00C04F79EFBC}") = "Fabrik.Common.Specs", "src\Specs\Fabrik.Common.Specs\Fabrik.Common.Specs.csproj", "{F2D9D130-76D1-4C0C-88DB-75999D67A7EE}"
EndProject
Project("{FAE04EC0-301F-11D3-BF4B-00C04F79EFBC}") = "Fabrik.Common.Web", "src\Fabrik.Common.Web\Fabrik.Common.Web.csproj", "{9E630EBC-9EC3-4AF5-B10E-FB61EA102431}"
EndProject
Project("{2150E333-8FDC-42A3-9474-1A3956D46DE8}") = "Examples", "Examples", "{2FDECC06-2FC5-4357-B974-705A8A85315E}"
EndProject
Project("{FAE04EC0-301F-11D3-BF4B-00C04F79EFBC}") = "Fabrik.Common.Web.Example", "src\Examples\Fabrik.Common.Web.Example\Fabrik.Common.Web.Example.csproj", "{FA2B5E61-E552-434F-B4E0-8287F4A29FDB}"
EndProject
Project("{FAE04EC0-301F-11D3-BF4B-00C04F79EFBC}") = "Fabrik.Common.Web.Specs", "src\Specs\Fabrik.Common.Web.Specs\Fabrik.Common.Web.Specs.csproj", "{7A005F0D-9A2F-456E-B3CD-E889E52EF74C}"
EndProject
Project("{FAE04EC0-301F-11D3-BF4B-00C04F79EFBC}") = "Fabrik.Common.Web.StructureMap", "src\Fabrik.Common.Web.StructureMap\Fabrik.Common.Web.StructureMap.csproj", "{D580B3DE-7ADF-4318-B246-B0D66EC52FA6}"
EndProject
Global
	GlobalSection(SolutionConfigurationPlatforms) = preSolution
		Debug|Any CPU = Debug|Any CPU
		Release|Any CPU = Release|Any CPU
	EndGlobalSection
	GlobalSection(ProjectConfigurationPlatforms) = postSolution
		{13838B0B-4915-4C59-8AE9-F38A9DFD94F8}.Debug|Any CPU.ActiveCfg = Debug|Any CPU
		{13838B0B-4915-4C59-8AE9-F38A9DFD94F8}.Debug|Any CPU.Build.0 = Debug|Any CPU
		{13838B0B-4915-4C59-8AE9-F38A9DFD94F8}.Release|Any CPU.ActiveCfg = Release|Any CPU
		{13838B0B-4915-4C59-8AE9-F38A9DFD94F8}.Release|Any CPU.Build.0 = Release|Any CPU
		{F2D9D130-76D1-4C0C-88DB-75999D67A7EE}.Debug|Any CPU.ActiveCfg = Debug|Any CPU
		{F2D9D130-76D1-4C0C-88DB-75999D67A7EE}.Debug|Any CPU.Build.0 = Debug|Any CPU
		{F2D9D130-76D1-4C0C-88DB-75999D67A7EE}.Release|Any CPU.ActiveCfg = Release|Any CPU
		{F2D9D130-76D1-4C0C-88DB-75999D67A7EE}.Release|Any CPU.Build.0 = Release|Any CPU
		{9E630EBC-9EC3-4AF5-B10E-FB61EA102431}.Debug|Any CPU.ActiveCfg = Debug|Any CPU
		{9E630EBC-9EC3-4AF5-B10E-FB61EA102431}.Debug|Any CPU.Build.0 = Debug|Any CPU
		{9E630EBC-9EC3-4AF5-B10E-FB61EA102431}.Release|Any CPU.ActiveCfg = Release|Any CPU
		{9E630EBC-9EC3-4AF5-B10E-FB61EA102431}.Release|Any CPU.Build.0 = Release|Any CPU
		{FA2B5E61-E552-434F-B4E0-8287F4A29FDB}.Debug|Any CPU.ActiveCfg = Debug|Any CPU
		{FA2B5E61-E552-434F-B4E0-8287F4A29FDB}.Debug|Any CPU.Build.0 = Debug|Any CPU
		{FA2B5E61-E552-434F-B4E0-8287F4A29FDB}.Release|Any CPU.ActiveCfg = Release|Any CPU
		{FA2B5E61-E552-434F-B4E0-8287F4A29FDB}.Release|Any CPU.Build.0 = Release|Any CPU
		{7A005F0D-9A2F-456E-B3CD-E889E52EF74C}.Debug|Any CPU.ActiveCfg = Debug|Any CPU
		{7A005F0D-9A2F-456E-B3CD-E889E52EF74C}.Debug|Any CPU.Build.0 = Debug|Any CPU
		{7A005F0D-9A2F-456E-B3CD-E889E52EF74C}.Release|Any CPU.ActiveCfg = Release|Any CPU
		{7A005F0D-9A2F-456E-B3CD-E889E52EF74C}.Release|Any CPU.Build.0 = Release|Any CPU
		{D580B3DE-7ADF-4318-B246-B0D66EC52FA6}.Debug|Any CPU.ActiveCfg = Debug|Any CPU
		{D580B3DE-7ADF-4318-B246-B0D66EC52FA6}.Debug|Any CPU.Build.0 = Debug|Any CPU
		{D580B3DE-7ADF-4318-B246-B0D66EC52FA6}.Release|Any CPU.ActiveCfg = Release|Any CPU
		{D580B3DE-7ADF-4318-B246-B0D66EC52FA6}.Release|Any CPU.Build.0 = Release|Any CPU
	EndGlobalSection
	GlobalSection(SolutionProperties) = preSolution
		HideSolutionNode = FALSE
	EndGlobalSection
	GlobalSection(NestedProjects) = preSolution
		{F2D9D130-76D1-4C0C-88DB-75999D67A7EE} = {BAE286B9-2844-408D-B695-74FA154B4E8E}
		{7A005F0D-9A2F-456E-B3CD-E889E52EF74C} = {BAE286B9-2844-408D-B695-74FA154B4E8E}
		{FA2B5E61-E552-434F-B4E0-8287F4A29FDB} = {2FDECC06-2FC5-4357-B974-705A8A85315E}
	EndGlobalSection
EndGlobal
